
Microsoft Visual Studio Solution File, Format Version 12.00
# Visual Studio Version 17
VisualStudioVersion = 17.7.34031.279
MinimumVisualStudioVersion = 10.0.40219.1
Project("{FAE04EC0-301F-11D3-BF4B-00C04F79EFBC}") = "ViaCep", "ViaCep\ViaCep.csproj", "{5C922B6C-3EFD-4205-832A-EBD8BAC609C0}"
EndProject
Global
	GlobalSection(SolutionConfigurationPlatforms) = preSolution
		Debug|Any CPU = Debug|Any CPU
		Release|Any CPU = Release|Any CPU
	EndGlobalSection
	GlobalSection(ProjectConfigurationPlatforms) = postSolution
		{5C922B6C-3EFD-4205-832A-EBD8BAC609C0}.Debug|Any CPU.ActiveCfg = Debug|Any CPU
		{5C922B6C-3EFD-4205-832A-EBD8BAC609C0}.Debug|Any CPU.Build.0 = Debug|Any CPU
		{5C922B6C-3EFD-4205-832A-EBD8BAC609C0}.Release|Any CPU.ActiveCfg = Release|Any CPU
		{5C922B6C-3EFD-4205-832A-EBD8BAC609C0}.Release|Any CPU.Build.0 = Release|Any CPU
	EndGlobalSection
	GlobalSection(SolutionProperties) = preSolution
		HideSolutionNode = FALSE
	EndGlobalSection
	GlobalSection(ExtensibilityGlobals) = postSolution
		SolutionGuid = {FCB1ED4A-3765-4B08-8AE6-329DF0A49FF7}
	EndGlobalSection
EndGlobal
